// !$*UTF8*$!
{
	archiveVersion = 1;
	classes = {
	};
	objectVersion = 56;
	objects = {

/* Begin PBXBuildFile section */
		0E184B842A3C5E0200B76B83 /* SuperHero_MVVM_App.swift in Sources */ = {isa = PBXBuildFile; fileRef = 0E184B832A3C5E0200B76B83 /* SuperHero_MVVM_App.swift */; };
		0E184B862A3C5E0200B76B83 /* ContentView.swift in Sources */ = {isa = PBXBuildFile; fileRef = 0E184B852A3C5E0200B76B83 /* ContentView.swift */; };
		0E184B882A3C5E0300B76B83 /* Assets.xcassets in Resources */ = {isa = PBXBuildFile; fileRef = 0E184B872A3C5E0300B76B83 /* Assets.xcassets */; };
		0E184B8B2A3C5E0300B76B83 /* Preview Assets.xcassets in Resources */ = {isa = PBXBuildFile; fileRef = 0E184B8A2A3C5E0300B76B83 /* Preview Assets.xcassets */; };
		0E2690D42A3C72260098168C /* SuperheroModel.swift in Sources */ = {isa = PBXBuildFile; fileRef = 0E2690D32A3C72260098168C /* SuperheroModel.swift */; };
		0E2690D62A3C74F60098168C /* SuperHeroService.swift in Sources */ = {isa = PBXBuildFile; fileRef = 0E2690D52A3C74F60098168C /* SuperHeroService.swift */; };
		0E2690D82A3C7C810098168C /* SuperHeroesViewModels.swift in Sources */ = {isa = PBXBuildFile; fileRef = 0E2690D72A3C7C810098168C /* SuperHeroesViewModels.swift */; };
		0E2690DC2A3CBCAC0098168C /* HeroRow.swift in Sources */ = {isa = PBXBuildFile; fileRef = 0E2690DB2A3CBCAC0098168C /* HeroRow.swift */; };
		0EE0AAF62A61344400EFD131 /* MockSuperHeroService.swift in Sources */ = {isa = PBXBuildFile; fileRef = 0EE0AAF52A61344400EFD131 /* MockSuperHeroService.swift */; };
		0EE0AAF92A6134ED00EFD131 /* SuperHeroServiceTests.swift in Sources */ = {isa = PBXBuildFile; fileRef = 0EE0AAF82A6134ED00EFD131 /* SuperHeroServiceTests.swift */; };
		0EE0AAFC2A61352300EFD131 /* SuperHeroesViewModelsTests.swift in Sources */ = {isa = PBXBuildFile; fileRef = 0EE0AAFB2A61352300EFD131 /* SuperHeroesViewModelsTests.swift */; };
		0EF593F22A6A94C1008285E3 /* Router.swift in Sources */ = {isa = PBXBuildFile; fileRef = 0EF593F12A6A94C1008285E3 /* Router.swift */; };
		0EF593F42A6AA6DA008285E3 /* PowerStatsView.swift in Sources */ = {isa = PBXBuildFile; fileRef = 0EF593F32A6AA6DA008285E3 /* PowerStatsView.swift */; };
		10FB595DC08DEA2BF2F90B75 /* Pods_SuperHero_MVVM_.framework in Frameworks */ = {isa = PBXBuildFile; fileRef = 3BB9263459A1333B465A91B1 /* Pods_SuperHero_MVVM_.framework */; };
		B2FAF16E2F0D07234ECB56D8 /* Pods_SuperHero_MVVM_Tests.framework in Frameworks */ = {isa = PBXBuildFile; fileRef = FAEC7B79D73F9FDBD75A8C98 /* Pods_SuperHero_MVVM_Tests.framework */; };
		CEC9BE952A3F5758002E969A /* HeroLink.swift in Sources */ = {isa = PBXBuildFile; fileRef = CEC9BE942A3F5758002E969A /* HeroLink.swift */; };
/* End PBXBuildFile section */

/* Begin PBXContainerItemProxy section */
		0E184B912A3C5E0400B76B83 /* PBXContainerItemProxy */ = {
			isa = PBXContainerItemProxy;
			containerPortal = 0E184B782A3C5E0200B76B83 /* Project object */;
			proxyType = 1;
			remoteGlobalIDString = 0E184B7F2A3C5E0200B76B83;
			remoteInfo = "SuperHero(MVVM)";
		};
/* End PBXContainerItemProxy section */

/* Begin PBXFileReference section */
		0E120BD32A6BE4D000601D5D /* SuperHero-MVVM--Info.plist */ = {isa = PBXFileReference; lastKnownFileType = text.plist; path = "SuperHero-MVVM--Info.plist"; sourceTree = SOURCE_ROOT; };
		0E184B802A3C5E0200B76B83 /* SuperHero(MVVM).app */ = {isa = PBXFileReference; explicitFileType = wrapper.application; includeInIndex = 0; path = "SuperHero(MVVM).app"; sourceTree = BUILT_PRODUCTS_DIR; };
		0E184B832A3C5E0200B76B83 /* SuperHero_MVVM_App.swift */ = {isa = PBXFileReference; lastKnownFileType = sourcecode.swift; path = SuperHero_MVVM_App.swift; sourceTree = "<group>"; };
		0E184B852A3C5E0200B76B83 /* ContentView.swift */ = {isa = PBXFileReference; lastKnownFileType = sourcecode.swift; path = ContentView.swift; sourceTree = "<group>"; };
		0E184B872A3C5E0300B76B83 /* Assets.xcassets */ = {isa = PBXFileReference; lastKnownFileType = folder.assetcatalog; path = Assets.xcassets; sourceTree = "<group>"; };
		0E184B8A2A3C5E0300B76B83 /* Preview Assets.xcassets */ = {isa = PBXFileReference; lastKnownFileType = folder.assetcatalog; path = "Preview Assets.xcassets"; sourceTree = "<group>"; };
		0E184B902A3C5E0400B76B83 /* SuperHero(MVVM)Tests.xctest */ = {isa = PBXFileReference; explicitFileType = wrapper.cfbundle; includeInIndex = 0; path = "SuperHero(MVVM)Tests.xctest"; sourceTree = BUILT_PRODUCTS_DIR; };
		0E2690D32A3C72260098168C /* SuperheroModel.swift */ = {isa = PBXFileReference; lastKnownFileType = sourcecode.swift; path = SuperheroModel.swift; sourceTree = "<group>"; };
		0E2690D52A3C74F60098168C /* SuperHeroService.swift */ = {isa = PBXFileReference; lastKnownFileType = sourcecode.swift; path = SuperHeroService.swift; sourceTree = "<group>"; };
		0E2690D72A3C7C810098168C /* SuperHeroesViewModels.swift */ = {isa = PBXFileReference; lastKnownFileType = sourcecode.swift; path = SuperHeroesViewModels.swift; sourceTree = "<group>"; };
		0E2690DB2A3CBCAC0098168C /* HeroRow.swift */ = {isa = PBXFileReference; lastKnownFileType = sourcecode.swift; path = HeroRow.swift; sourceTree = "<group>"; };
		0EE0AAF52A61344400EFD131 /* MockSuperHeroService.swift */ = {isa = PBXFileReference; lastKnownFileType = sourcecode.swift; path = MockSuperHeroService.swift; sourceTree = "<group>"; };
		0EE0AAF82A6134ED00EFD131 /* SuperHeroServiceTests.swift */ = {isa = PBXFileReference; lastKnownFileType = sourcecode.swift; path = SuperHeroServiceTests.swift; sourceTree = "<group>"; };
		0EE0AAFB2A61352300EFD131 /* SuperHeroesViewModelsTests.swift */ = {isa = PBXFileReference; lastKnownFileType = sourcecode.swift; path = SuperHeroesViewModelsTests.swift; sourceTree = "<group>"; };
		0EF593F12A6A94C1008285E3 /* Router.swift */ = {isa = PBXFileReference; lastKnownFileType = sourcecode.swift; path = Router.swift; sourceTree = "<group>"; };
		0EF593F32A6AA6DA008285E3 /* PowerStatsView.swift */ = {isa = PBXFileReference; lastKnownFileType = sourcecode.swift; path = PowerStatsView.swift; sourceTree = "<group>"; };
		3BB9263459A1333B465A91B1 /* Pods_SuperHero_MVVM_.framework */ = {isa = PBXFileReference; explicitFileType = wrapper.framework; includeInIndex = 0; path = Pods_SuperHero_MVVM_.framework; sourceTree = BUILT_PRODUCTS_DIR; };
		493EC77959E668DFD3FECCAE /* Pods-SuperHero(MVVM).debug.xcconfig */ = {isa = PBXFileReference; includeInIndex = 1; lastKnownFileType = text.xcconfig; name = "Pods-SuperHero(MVVM).debug.xcconfig"; path = "Target Support Files/Pods-SuperHero(MVVM)/Pods-SuperHero(MVVM).debug.xcconfig"; sourceTree = "<group>"; };
		4A3932DE7F6434C0968A64E2 /* Pods-SuperHero(MVVM)Tests.release.xcconfig */ = {isa = PBXFileReference; includeInIndex = 1; lastKnownFileType = text.xcconfig; name = "Pods-SuperHero(MVVM)Tests.release.xcconfig"; path = "Target Support Files/Pods-SuperHero(MVVM)Tests/Pods-SuperHero(MVVM)Tests.release.xcconfig"; sourceTree = "<group>"; };
		C8DB3A11CED7681205E29553 /* Pods-SuperHero(MVVM).release.xcconfig */ = {isa = PBXFileReference; includeInIndex = 1; lastKnownFileType = text.xcconfig; name = "Pods-SuperHero(MVVM).release.xcconfig"; path = "Target Support Files/Pods-SuperHero(MVVM)/Pods-SuperHero(MVVM).release.xcconfig"; sourceTree = "<group>"; };
		CEC9BE942A3F5758002E969A /* HeroLink.swift */ = {isa = PBXFileReference; lastKnownFileType = sourcecode.swift; path = HeroLink.swift; sourceTree = "<group>"; };
		FAEC7B79D73F9FDBD75A8C98 /* Pods_SuperHero_MVVM_Tests.framework */ = {isa = PBXFileReference; explicitFileType = wrapper.framework; includeInIndex = 0; path = Pods_SuperHero_MVVM_Tests.framework; sourceTree = BUILT_PRODUCTS_DIR; };
		FB3229A19CF6FA2F70368D39 /* Pods-SuperHero(MVVM)Tests.debug.xcconfig */ = {isa = PBXFileReference; includeInIndex = 1; lastKnownFileType = text.xcconfig; name = "Pods-SuperHero(MVVM)Tests.debug.xcconfig"; path = "Target Support Files/Pods-SuperHero(MVVM)Tests/Pods-SuperHero(MVVM)Tests.debug.xcconfig"; sourceTree = "<group>"; };
/* End PBXFileReference section */

/* Begin PBXFrameworksBuildPhase section */
		0E184B7D2A3C5E0200B76B83 /* Frameworks */ = {
			isa = PBXFrameworksBuildPhase;
			buildActionMask = 2147483647;
			files = (
				10FB595DC08DEA2BF2F90B75 /* Pods_SuperHero_MVVM_.framework in Frameworks */,
			);
			runOnlyForDeploymentPostprocessing = 0;
		};
		0E184B8D2A3C5E0400B76B83 /* Frameworks */ = {
			isa = PBXFrameworksBuildPhase;
			buildActionMask = 2147483647;
			files = (
				B2FAF16E2F0D07234ECB56D8 /* Pods_SuperHero_MVVM_Tests.framework in Frameworks */,
			);
			runOnlyForDeploymentPostprocessing = 0;
		};
/* End PBXFrameworksBuildPhase section */

/* Begin PBXGroup section */
		0E184B772A3C5E0200B76B83 = {
			isa = PBXGroup;
			children = (
				0EF593F02A6A94A5008285E3 /* NavigationRouter */,
				0E184BAD2A3C5ED800B76B83 /* Models */,
				0E184BAF2A3C5EE900B76B83 /* Services */,
				0E184BB02A3C5EF100B76B83 /* ViewModels */,
				0E184BB12A3C5EF700B76B83 /* Views */,
				0E184B822A3C5E0200B76B83 /* SuperHero(MVVM) */,
				0E184B932A3C5E0400B76B83 /* SuperHero(MVVM)Tests */,
				0E184B812A3C5E0200B76B83 /* Products */,
				E231239B058D1F4266E1C2F4 /* Pods */,
				DE20EBFCEEDD38543C155282 /* Frameworks */,
			);
			sourceTree = "<group>";
		};
		0E184B812A3C5E0200B76B83 /* Products */ = {
			isa = PBXGroup;
			children = (
				0E184B802A3C5E0200B76B83 /* SuperHero(MVVM).app */,
				0E184B902A3C5E0400B76B83 /* SuperHero(MVVM)Tests.xctest */,
			);
			name = Products;
			sourceTree = "<group>";
		};
		0E184B822A3C5E0200B76B83 /* SuperHero(MVVM) */ = {
			isa = PBXGroup;
			children = (
				0E120BD32A6BE4D000601D5D /* SuperHero-MVVM--Info.plist */,
				0E184B832A3C5E0200B76B83 /* SuperHero_MVVM_App.swift */,
				0E184B872A3C5E0300B76B83 /* Assets.xcassets */,
				0E184B892A3C5E0300B76B83 /* Preview Content */,
			);
			path = "SuperHero(MVVM)";
			sourceTree = "<group>";
		};
		0E184B892A3C5E0300B76B83 /* Preview Content */ = {
			isa = PBXGroup;
			children = (
				0E184B8A2A3C5E0300B76B83 /* Preview Assets.xcassets */,
			);
			path = "Preview Content";
			sourceTree = "<group>";
		};
		0E184B932A3C5E0400B76B83 /* SuperHero(MVVM)Tests */ = {
			isa = PBXGroup;
			children = (
				0EE0AAFA2A61350800EFD131 /* VIewModelsTests */,
				0EE0AAF72A6134C400EFD131 /* ServicesTests */,
			);
			path = "SuperHero(MVVM)Tests";
			sourceTree = "<group>";
		};
		0E184BAD2A3C5ED800B76B83 /* Models */ = {
			isa = PBXGroup;
			children = (
				0E2690D32A3C72260098168C /* SuperheroModel.swift */,
			);
			path = Models;
			sourceTree = "<group>";
		};
		0E184BAF2A3C5EE900B76B83 /* Services */ = {
			isa = PBXGroup;
			children = (
				0E2690D52A3C74F60098168C /* SuperHeroService.swift */,
				0EE0AAF52A61344400EFD131 /* MockSuperHeroService.swift */,
			);
			path = Services;
			sourceTree = "<group>";
		};
		0E184BB02A3C5EF100B76B83 /* ViewModels */ = {
			isa = PBXGroup;
			children = (
				0E2690D72A3C7C810098168C /* SuperHeroesViewModels.swift */,
			);
			path = ViewModels;
			sourceTree = "<group>";
		};
		0E184BB12A3C5EF700B76B83 /* Views */ = {
			isa = PBXGroup;
			children = (
				0E184B852A3C5E0200B76B83 /* ContentView.swift */,
				0E2690DB2A3CBCAC0098168C /* HeroRow.swift */,
				CEC9BE942A3F5758002E969A /* HeroLink.swift */,
				0EF593F32A6AA6DA008285E3 /* PowerStatsView.swift */,
			);
			path = Views;
			sourceTree = "<group>";
		};
		0EE0AAF72A6134C400EFD131 /* ServicesTests */ = {
			isa = PBXGroup;
			children = (
				0EE0AAF82A6134ED00EFD131 /* SuperHeroServiceTests.swift */,
			);
			path = ServicesTests;
			sourceTree = "<group>";
		};
		0EE0AAFA2A61350800EFD131 /* VIewModelsTests */ = {
			isa = PBXGroup;
			children = (
				0EE0AAFB2A61352300EFD131 /* SuperHeroesViewModelsTests.swift */,
			);
			path = VIewModelsTests;
			sourceTree = "<group>";
		};
		0EF593F02A6A94A5008285E3 /* NavigationRouter */ = {
			isa = PBXGroup;
			children = (
				0EF593F12A6A94C1008285E3 /* Router.swift */,
			);
			path = NavigationRouter;
			sourceTree = "<group>";
		};
		DE20EBFCEEDD38543C155282 /* Frameworks */ = {
			isa = PBXGroup;
			children = (
				3BB9263459A1333B465A91B1 /* Pods_SuperHero_MVVM_.framework */,
				FAEC7B79D73F9FDBD75A8C98 /* Pods_SuperHero_MVVM_Tests.framework */,
			);
			name = Frameworks;
			sourceTree = "<group>";
		};
		E231239B058D1F4266E1C2F4 /* Pods */ = {
			isa = PBXGroup;
			children = (
				493EC77959E668DFD3FECCAE /* Pods-SuperHero(MVVM).debug.xcconfig */,
				C8DB3A11CED7681205E29553 /* Pods-SuperHero(MVVM).release.xcconfig */,
				FB3229A19CF6FA2F70368D39 /* Pods-SuperHero(MVVM)Tests.debug.xcconfig */,
				4A3932DE7F6434C0968A64E2 /* Pods-SuperHero(MVVM)Tests.release.xcconfig */,
			);
			path = Pods;
			sourceTree = "<group>";
		};
/* End PBXGroup section */

/* Begin PBXNativeTarget section */
		0E184B7F2A3C5E0200B76B83 /* SuperHero(MVVM) */ = {
			isa = PBXNativeTarget;
			buildConfigurationList = 0E184BA42A3C5E0400B76B83 /* Build configuration list for PBXNativeTarget "SuperHero(MVVM)" */;
			buildPhases = (
				5F5039FE5557B5BF33EC084B /* [CP] Check Pods Manifest.lock */,
				0E184B7C2A3C5E0200B76B83 /* Sources */,
				0E184B7D2A3C5E0200B76B83 /* Frameworks */,
				0E184B7E2A3C5E0200B76B83 /* Resources */,
				93622A46BCC00C717697B162 /* [CP] Embed Pods Frameworks */,
			);
			buildRules = (
			);
			dependencies = (
			);
			name = "SuperHero(MVVM)";
			productName = "SuperHero(MVVM)";
			productReference = 0E184B802A3C5E0200B76B83 /* SuperHero(MVVM).app */;
			productType = "com.apple.product-type.application";
		};
		0E184B8F2A3C5E0400B76B83 /* SuperHero(MVVM)Tests */ = {
			isa = PBXNativeTarget;
			buildConfigurationList = 0E184BA72A3C5E0400B76B83 /* Build configuration list for PBXNativeTarget "SuperHero(MVVM)Tests" */;
			buildPhases = (
				66E620B9D4CB6739D00498FA /* [CP] Check Pods Manifest.lock */,
				0E184B8C2A3C5E0400B76B83 /* Sources */,
				0E184B8D2A3C5E0400B76B83 /* Frameworks */,
				0E184B8E2A3C5E0400B76B83 /* Resources */,
				4C0BCCD26247854F6212C438 /* [CP] Embed Pods Frameworks */,
			);
			buildRules = (
			);
			dependencies = (
				0E184B922A3C5E0400B76B83 /* PBXTargetDependency */,
			);
			name = "SuperHero(MVVM)Tests";
			productName = "SuperHero(MVVM)Tests";
			productReference = 0E184B902A3C5E0400B76B83 /* SuperHero(MVVM)Tests.xctest */;
			productType = "com.apple.product-type.bundle.unit-test";
		};
/* End PBXNativeTarget section */

/* Begin PBXProject section */
		0E184B782A3C5E0200B76B83 /* Project object */ = {
			isa = PBXProject;
			attributes = {
				BuildIndependentTargetsInParallel = 1;
				LastSwiftUpdateCheck = 1430;
				LastUpgradeCheck = 1430;
				TargetAttributes = {
					0E184B7F2A3C5E0200B76B83 = {
						CreatedOnToolsVersion = 14.3.1;
					};
					0E184B8F2A3C5E0400B76B83 = {
						CreatedOnToolsVersion = 14.3.1;
						LastSwiftMigration = 1420;
						TestTargetID = 0E184B7F2A3C5E0200B76B83;
					};
				};
			};
			buildConfigurationList = 0E184B7B2A3C5E0200B76B83 /* Build configuration list for PBXProject "SuperHero(MVVM)" */;
			compatibilityVersion = "Xcode 14.0";
			developmentRegion = en;
			hasScannedForEncodings = 0;
			knownRegions = (
				en,
				Base,
			);
			mainGroup = 0E184B772A3C5E0200B76B83;
			productRefGroup = 0E184B812A3C5E0200B76B83 /* Products */;
			projectDirPath = "";
			projectRoot = "";
			targets = (
				0E184B7F2A3C5E0200B76B83 /* SuperHero(MVVM) */,
				0E184B8F2A3C5E0400B76B83 /* SuperHero(MVVM)Tests */,
			);
		};
/* End PBXProject section */

/* Begin PBXResourcesBuildPhase section */
		0E184B7E2A3C5E0200B76B83 /* Resources */ = {
			isa = PBXResourcesBuildPhase;
			buildActionMask = 2147483647;
			files = (
				0E184B8B2A3C5E0300B76B83 /* Preview Assets.xcassets in Resources */,
				0E184B882A3C5E0300B76B83 /* Assets.xcassets in Resources */,
			);
			runOnlyForDeploymentPostprocessing = 0;
		};
		0E184B8E2A3C5E0400B76B83 /* Resources */ = {
			isa = PBXResourcesBuildPhase;
			buildActionMask = 2147483647;
			files = (
			);
			runOnlyForDeploymentPostprocessing = 0;
		};
/* End PBXResourcesBuildPhase section */

/* Begin PBXShellScriptBuildPhase section */
		4C0BCCD26247854F6212C438 /* [CP] Embed Pods Frameworks */ = {
			isa = PBXShellScriptBuildPhase;
			buildActionMask = 2147483647;
			files = (
			);
			inputFileListPaths = (
				"${PODS_ROOT}/Target Support Files/Pods-SuperHero(MVVM)Tests/Pods-SuperHero(MVVM)Tests-frameworks-${CONFIGURATION}-input-files.xcfilelist",
			);
			name = "[CP] Embed Pods Frameworks";
			outputFileListPaths = (
				"${PODS_ROOT}/Target Support Files/Pods-SuperHero(MVVM)Tests/Pods-SuperHero(MVVM)Tests-frameworks-${CONFIGURATION}-output-files.xcfilelist",
			);
			runOnlyForDeploymentPostprocessing = 0;
			shellPath = /bin/sh;
			shellScript = "\"${PODS_ROOT}/Target Support Files/Pods-SuperHero(MVVM)Tests/Pods-SuperHero(MVVM)Tests-frameworks.sh\"\n";
			showEnvVarsInLog = 0;
		};
		5F5039FE5557B5BF33EC084B /* [CP] Check Pods Manifest.lock */ = {
			isa = PBXShellScriptBuildPhase;
			buildActionMask = 2147483647;
			files = (
			);
			inputFileListPaths = (
			);
			inputPaths = (
				"${PODS_PODFILE_DIR_PATH}/Podfile.lock",
				"${PODS_ROOT}/Manifest.lock",
			);
			name = "[CP] Check Pods Manifest.lock";
			outputFileListPaths = (
			);
			outputPaths = (
				"$(DERIVED_FILE_DIR)/Pods-SuperHero(MVVM)-checkManifestLockResult.txt",
			);
			runOnlyForDeploymentPostprocessing = 0;
			shellPath = /bin/sh;
			shellScript = "diff \"${PODS_PODFILE_DIR_PATH}/Podfile.lock\" \"${PODS_ROOT}/Manifest.lock\" > /dev/null\nif [ $? != 0 ] ; then\n    # print error to STDERR\n    echo \"error: The sandbox is not in sync with the Podfile.lock. Run 'pod install' or update your CocoaPods installation.\" >&2\n    exit 1\nfi\n# This output is used by Xcode 'outputs' to avoid re-running this script phase.\necho \"SUCCESS\" > \"${SCRIPT_OUTPUT_FILE_0}\"\n";
			showEnvVarsInLog = 0;
		};
		66E620B9D4CB6739D00498FA /* [CP] Check Pods Manifest.lock */ = {
			isa = PBXShellScriptBuildPhase;
			buildActionMask = 2147483647;
			files = (
			);
			inputFileListPaths = (
			);
			inputPaths = (
				"${PODS_PODFILE_DIR_PATH}/Podfile.lock",
				"${PODS_ROOT}/Manifest.lock",
			);
			name = "[CP] Check Pods Manifest.lock";
			outputFileListPaths = (
			);
			outputPaths = (
				"$(DERIVED_FILE_DIR)/Pods-SuperHero(MVVM)Tests-checkManifestLockResult.txt",
			);
			runOnlyForDeploymentPostprocessing = 0;
			shellPath = /bin/sh;
			shellScript = "diff \"${PODS_PODFILE_DIR_PATH}/Podfile.lock\" \"${PODS_ROOT}/Manifest.lock\" > /dev/null\nif [ $? != 0 ] ; then\n    # print error to STDERR\n    echo \"error: The sandbox is not in sync with the Podfile.lock. Run 'pod install' or update your CocoaPods installation.\" >&2\n    exit 1\nfi\n# This output is used by Xcode 'outputs' to avoid re-running this script phase.\necho \"SUCCESS\" > \"${SCRIPT_OUTPUT_FILE_0}\"\n";
			showEnvVarsInLog = 0;
		};
		93622A46BCC00C717697B162 /* [CP] Embed Pods Frameworks */ = {
			isa = PBXShellScriptBuildPhase;
			buildActionMask = 2147483647;
			files = (
			);
			inputFileListPaths = (
				"${PODS_ROOT}/Target Support Files/Pods-SuperHero(MVVM)/Pods-SuperHero(MVVM)-frameworks-${CONFIGURATION}-input-files.xcfilelist",
			);
			name = "[CP] Embed Pods Frameworks";
			outputFileListPaths = (
				"${PODS_ROOT}/Target Support Files/Pods-SuperHero(MVVM)/Pods-SuperHero(MVVM)-frameworks-${CONFIGURATION}-output-files.xcfilelist",
			);
			runOnlyForDeploymentPostprocessing = 0;
			shellPath = /bin/sh;
			shellScript = "\"${PODS_ROOT}/Target Support Files/Pods-SuperHero(MVVM)/Pods-SuperHero(MVVM)-frameworks.sh\"\n";
			showEnvVarsInLog = 0;
		};
/* End PBXShellScriptBuildPhase section */

/* Begin PBXSourcesBuildPhase section */
		0E184B7C2A3C5E0200B76B83 /* Sources */ = {
			isa = PBXSourcesBuildPhase;
			buildActionMask = 2147483647;
			files = (
				0EF593F42A6AA6DA008285E3 /* PowerStatsView.swift in Sources */,
				0E2690D82A3C7C810098168C /* SuperHeroesViewModels.swift in Sources */,
				0E2690D42A3C72260098168C /* SuperheroModel.swift in Sources */,
				CEC9BE952A3F5758002E969A /* HeroLink.swift in Sources */,
				0E2690DC2A3CBCAC0098168C /* HeroRow.swift in Sources */,
				0EF593F22A6A94C1008285E3 /* Router.swift in Sources */,
				0E184B862A3C5E0200B76B83 /* ContentView.swift in Sources */,
				0EE0AAF62A61344400EFD131 /* MockSuperHeroService.swift in Sources */,
				0E184B842A3C5E0200B76B83 /* SuperHero_MVVM_App.swift in Sources */,
				0E2690D62A3C74F60098168C /* SuperHeroService.swift in Sources */,
			);
			runOnlyForDeploymentPostprocessing = 0;
		};
		0E184B8C2A3C5E0400B76B83 /* Sources */ = {
			isa = PBXSourcesBuildPhase;
			buildActionMask = 2147483647;
			files = (
				0EE0AAFC2A61352300EFD131 /* SuperHeroesViewModelsTests.swift in Sources */,
				0EE0AAF92A6134ED00EFD131 /* SuperHeroServiceTests.swift in Sources */,
			);
			runOnlyForDeploymentPostprocessing = 0;
		};
/* End PBXSourcesBuildPhase section */

/* Begin PBXTargetDependency section */
		0E184B922A3C5E0400B76B83 /* PBXTargetDependency */ = {
			isa = PBXTargetDependency;
			target = 0E184B7F2A3C5E0200B76B83 /* SuperHero(MVVM) */;
			targetProxy = 0E184B912A3C5E0400B76B83 /* PBXContainerItemProxy */;
		};
/* End PBXTargetDependency section */

/* Begin XCBuildConfiguration section */
		0E184BA22A3C5E0400B76B83 /* Debug */ = {
			isa = XCBuildConfiguration;
			buildSettings = {
				ALWAYS_SEARCH_USER_PATHS = NO;
				CLANG_ANALYZER_NONNULL = YES;
				CLANG_ANALYZER_NUMBER_OBJECT_CONVERSION = YES_AGGRESSIVE;
				CLANG_CXX_LANGUAGE_STANDARD = "gnu++20";
				CLANG_ENABLE_MODULES = YES;
				CLANG_ENABLE_OBJC_ARC = YES;
				CLANG_ENABLE_OBJC_WEAK = YES;
				CLANG_WARN_BLOCK_CAPTURE_AUTORELEASING = YES;
				CLANG_WARN_BOOL_CONVERSION = YES;
				CLANG_WARN_COMMA = YES;
				CLANG_WARN_CONSTANT_CONVERSION = YES;
				CLANG_WARN_DEPRECATED_OBJC_IMPLEMENTATIONS = YES;
				CLANG_WARN_DIRECT_OBJC_ISA_USAGE = YES_ERROR;
				CLANG_WARN_DOCUMENTATION_COMMENTS = YES;
				CLANG_WARN_EMPTY_BODY = YES;
				CLANG_WARN_ENUM_CONVERSION = YES;
				CLANG_WARN_INFINITE_RECURSION = YES;
				CLANG_WARN_INT_CONVERSION = YES;
				CLANG_WARN_NON_LITERAL_NULL_CONVERSION = YES;
				CLANG_WARN_OBJC_IMPLICIT_RETAIN_SELF = YES;
				CLANG_WARN_OBJC_LITERAL_CONVERSION = YES;
				CLANG_WARN_OBJC_ROOT_CLASS = YES_ERROR;
				CLANG_WARN_QUOTED_INCLUDE_IN_FRAMEWORK_HEADER = YES;
				CLANG_WARN_RANGE_LOOP_ANALYSIS = YES;
				CLANG_WARN_STRICT_PROTOTYPES = YES;
				CLANG_WARN_SUSPICIOUS_MOVE = YES;
				CLANG_WARN_UNGUARDED_AVAILABILITY = YES_AGGRESSIVE;
				CLANG_WARN_UNREACHABLE_CODE = YES;
				CLANG_WARN__DUPLICATE_METHOD_MATCH = YES;
				COPY_PHASE_STRIP = NO;
				DEBUG_INFORMATION_FORMAT = dwarf;
				ENABLE_STRICT_OBJC_MSGSEND = YES;
				ENABLE_TESTABILITY = YES;
				GCC_C_LANGUAGE_STANDARD = gnu11;
				GCC_DYNAMIC_NO_PIC = NO;
				GCC_NO_COMMON_BLOCKS = YES;
				GCC_OPTIMIZATION_LEVEL = 0;
				GCC_PREPROCESSOR_DEFINITIONS = (
					"DEBUG=1",
					"$(inherited)",
				);
				GCC_WARN_64_TO_32_BIT_CONVERSION = YES;
				GCC_WARN_ABOUT_RETURN_TYPE = YES_ERROR;
				GCC_WARN_UNDECLARED_SELECTOR = YES;
				GCC_WARN_UNINITIALIZED_AUTOS = YES_AGGRESSIVE;
				GCC_WARN_UNUSED_FUNCTION = YES;
				GCC_WARN_UNUSED_VARIABLE = YES;
				IPHONEOS_DEPLOYMENT_TARGET = 16.4;
				MTL_ENABLE_DEBUG_INFO = INCLUDE_SOURCE;
				MTL_FAST_MATH = YES;
				ONLY_ACTIVE_ARCH = YES;
				SDKROOT = iphoneos;
				SWIFT_ACTIVE_COMPILATION_CONDITIONS = DEBUG;
				SWIFT_OPTIMIZATION_LEVEL = "-Onone";
			};
			name = Debug;
		};
		0E184BA32A3C5E0400B76B83 /* Release */ = {
			isa = XCBuildConfiguration;
			buildSettings = {
				ALWAYS_SEARCH_USER_PATHS = NO;
				CLANG_ANALYZER_NONNULL = YES;
				CLANG_ANALYZER_NUMBER_OBJECT_CONVERSION = YES_AGGRESSIVE;
				CLANG_CXX_LANGUAGE_STANDARD = "gnu++20";
				CLANG_ENABLE_MODULES = YES;
				CLANG_ENABLE_OBJC_ARC = YES;
				CLANG_ENABLE_OBJC_WEAK = YES;
				CLANG_WARN_BLOCK_CAPTURE_AUTORELEASING = YES;
				CLANG_WARN_BOOL_CONVERSION = YES;
				CLANG_WARN_COMMA = YES;
				CLANG_WARN_CONSTANT_CONVERSION = YES;
				CLANG_WARN_DEPRECATED_OBJC_IMPLEMENTATIONS = YES;
				CLANG_WARN_DIRECT_OBJC_ISA_USAGE = YES_ERROR;
				CLANG_WARN_DOCUMENTATION_COMMENTS = YES;
				CLANG_WARN_EMPTY_BODY = YES;
				CLANG_WARN_ENUM_CONVERSION = YES;
				CLANG_WARN_INFINITE_RECURSION = YES;
				CLANG_WARN_INT_CONVERSION = YES;
				CLANG_WARN_NON_LITERAL_NULL_CONVERSION = YES;
				CLANG_WARN_OBJC_IMPLICIT_RETAIN_SELF = YES;
				CLANG_WARN_OBJC_LITERAL_CONVERSION = YES;
				CLANG_WARN_OBJC_ROOT_CLASS = YES_ERROR;
				CLANG_WARN_QUOTED_INCLUDE_IN_FRAMEWORK_HEADER = YES;
				CLANG_WARN_RANGE_LOOP_ANALYSIS = YES;
				CLANG_WARN_STRICT_PROTOTYPES = YES;
				CLANG_WARN_SUSPICIOUS_MOVE = YES;
				CLANG_WARN_UNGUARDED_AVAILABILITY = YES_AGGRESSIVE;
				CLANG_WARN_UNREACHABLE_CODE = YES;
				CLANG_WARN__DUPLICATE_METHOD_MATCH = YES;
				COPY_PHASE_STRIP = NO;
				DEBUG_INFORMATION_FORMAT = "dwarf-with-dsym";
				ENABLE_NS_ASSERTIONS = NO;
				ENABLE_STRICT_OBJC_MSGSEND = YES;
				GCC_C_LANGUAGE_STANDARD = gnu11;
				GCC_NO_COMMON_BLOCKS = YES;
				GCC_WARN_64_TO_32_BIT_CONVERSION = YES;
				GCC_WARN_ABOUT_RETURN_TYPE = YES_ERROR;
				GCC_WARN_UNDECLARED_SELECTOR = YES;
				GCC_WARN_UNINITIALIZED_AUTOS = YES_AGGRESSIVE;
				GCC_WARN_UNUSED_FUNCTION = YES;
				GCC_WARN_UNUSED_VARIABLE = YES;
				IPHONEOS_DEPLOYMENT_TARGET = 16.4;
				MTL_ENABLE_DEBUG_INFO = NO;
				MTL_FAST_MATH = YES;
				SDKROOT = iphoneos;
				SWIFT_COMPILATION_MODE = wholemodule;
				SWIFT_OPTIMIZATION_LEVEL = "-O";
				VALIDATE_PRODUCT = YES;
			};
			name = Release;
		};
		0E184BA52A3C5E0400B76B83 /* Debug */ = {
			isa = XCBuildConfiguration;
			baseConfigurationReference = 493EC77959E668DFD3FECCAE /* Pods-SuperHero(MVVM).debug.xcconfig */;
			buildSettings = {
				ASSETCATALOG_COMPILER_APPICON_NAME = AppIcon;
				ASSETCATALOG_COMPILER_GLOBAL_ACCENT_COLOR_NAME = AccentColor;
				CODE_SIGN_STYLE = Automatic;
				CURRENT_PROJECT_VERSION = 1;
				DEVELOPMENT_ASSET_PATHS = "\"SuperHero(MVVM)/Preview Content\"";
				DEVELOPMENT_TEAM = K5QP3H4UKP;
				ENABLE_PREVIEWS = YES;
				GENERATE_INFOPLIST_FILE = YES;
				INFOPLIST_FILE = "SuperHero-MVVM--Info.plist";
				INFOPLIST_KEY_UIApplicationSceneManifest_Generation = YES;
				INFOPLIST_KEY_UIApplicationSupportsIndirectInputEvents = YES;
				INFOPLIST_KEY_UILaunchScreen_Generation = YES;
				INFOPLIST_KEY_UISupportedInterfaceOrientations_iPad = "UIInterfaceOrientationPortrait UIInterfaceOrientationPortraitUpsideDown UIInterfaceOrientationLandscapeLeft UIInterfaceOrientationLandscapeRight";
				INFOPLIST_KEY_UISupportedInterfaceOrientations_iPhone = "UIInterfaceOrientationPortrait UIInterfaceOrientationLandscapeLeft UIInterfaceOrientationLandscapeRight";
				IPHONEOS_DEPLOYMENT_TARGET = 16.2;
				LD_RUNPATH_SEARCH_PATHS = (
					"$(inherited)",
					"@executable_path/Frameworks",
				);
				MARKETING_VERSION = 1.0;
				PRODUCT_BUNDLE_IDENTIFIER = "SuperHero-MVVM-";
				PRODUCT_NAME = "$(TARGET_NAME)";
				SWIFT_EMIT_LOC_STRINGS = YES;
				SWIFT_VERSION = 5.0;
				TARGETED_DEVICE_FAMILY = "1,2";
			};
			name = Debug;
		};
		0E184BA62A3C5E0400B76B83 /* Release */ = {
			isa = XCBuildConfiguration;
			baseConfigurationReference = C8DB3A11CED7681205E29553 /* Pods-SuperHero(MVVM).release.xcconfig */;
			buildSettings = {
				ASSETCATALOG_COMPILER_APPICON_NAME = AppIcon;
				ASSETCATALOG_COMPILER_GLOBAL_ACCENT_COLOR_NAME = AccentColor;
				CODE_SIGN_STYLE = Automatic;
				CURRENT_PROJECT_VERSION = 1;
				DEVELOPMENT_ASSET_PATHS = "\"SuperHero(MVVM)/Preview Content\"";
				DEVELOPMENT_TEAM = K5QP3H4UKP;
				ENABLE_PREVIEWS = YES;
				GENERATE_INFOPLIST_FILE = YES;
				INFOPLIST_FILE = "SuperHero-MVVM--Info.plist";
				INFOPLIST_KEY_UIApplicationSceneManifest_Generation = YES;
				INFOPLIST_KEY_UIApplicationSupportsIndirectInputEvents = YES;
				INFOPLIST_KEY_UILaunchScreen_Generation = YES;
				INFOPLIST_KEY_UISupportedInterfaceOrientations_iPad = "UIInterfaceOrientationPortrait UIInterfaceOrientationPortraitUpsideDown UIInterfaceOrientationLandscapeLeft UIInterfaceOrientationLandscapeRight";
				INFOPLIST_KEY_UISupportedInterfaceOrientations_iPhone = "UIInterfaceOrientationPortrait UIInterfaceOrientationLandscapeLeft UIInterfaceOrientationLandscapeRight";
				IPHONEOS_DEPLOYMENT_TARGET = 16.2;
				LD_RUNPATH_SEARCH_PATHS = (
					"$(inherited)",
					"@executable_path/Frameworks",
				);
				MARKETING_VERSION = 1.0;
				PRODUCT_BUNDLE_IDENTIFIER = "SuperHero-MVVM-";
				PRODUCT_NAME = "$(TARGET_NAME)";
				SWIFT_EMIT_LOC_STRINGS = YES;
				SWIFT_VERSION = 5.0;
				TARGETED_DEVICE_FAMILY = "1,2";
			};
			name = Release;
		};
		0E184BA82A3C5E0400B76B83 /* Debug */ = {
			isa = XCBuildConfiguration;
			baseConfigurationReference = FB3229A19CF6FA2F70368D39 /* Pods-SuperHero(MVVM)Tests.debug.xcconfig */;
			buildSettings = {
				ALWAYS_EMBED_SWIFT_STANDARD_LIBRARIES = YES;
				BUNDLE_LOADER = "$(TEST_HOST)";
				CLANG_ENABLE_MODULES = YES;
				CODE_SIGN_STYLE = Automatic;
				CURRENT_PROJECT_VERSION = 1;
				GENERATE_INFOPLIST_FILE = YES;
				IPHONEOS_DEPLOYMENT_TARGET = 16.2;
				LD_RUNPATH_SEARCH_PATHS = (
					"$(inherited)",
					"@executable_path/Frameworks",
					"@loader_path/Frameworks",
				);
				MARKETING_VERSION = 1.0;
				PRODUCT_BUNDLE_IDENTIFIER = "vodafone.SuperHero-MVVM-Tests";
				PRODUCT_NAME = "$(TARGET_NAME)";
				SWIFT_EMIT_LOC_STRINGS = NO;
				SWIFT_OPTIMIZATION_LEVEL = "-Onone";
				SWIFT_VERSION = 5.0;
				TARGETED_DEVICE_FAMILY = "1,2";
				TEST_HOST = "$(BUILT_PRODUCTS_DIR)/SuperHero(MVVM).app/$(BUNDLE_EXECUTABLE_FOLDER_PATH)/SuperHero(MVVM)";
			};
			name = Debug;
		};
		0E184BA92A3C5E0400B76B83 /* Release */ = {
			isa = XCBuildConfiguration;
			baseConfigurationReference = 4A3932DE7F6434C0968A64E2 /* Pods-SuperHero(MVVM)Tests.release.xcconfig */;
			buildSettings = {
				ALWAYS_EMBED_SWIFT_STANDARD_LIBRARIES = YES;
				BUNDLE_LOADER = "$(TEST_HOST)";
				CLANG_ENABLE_MODULES = YES;
				CODE_SIGN_STYLE = Automatic;
				CURRENT_PROJECT_VERSION = 1;
				GENERATE_INFOPLIST_FILE = YES;
				IPHONEOS_DEPLOYMENT_TARGET = 16.2;
				LD_RUNPATH_SEARCH_PATHS = (
					"$(inherited)",
					"@executable_path/Frameworks",
					"@loader_path/Frameworks",
				);
				MARKETING_VERSION = 1.0;
				PRODUCT_BUNDLE_IDENTIFIER = "vodafone.SuperHero-MVVM-Tests";
				PRODUCT_NAME = "$(TARGET_NAME)";
				SWIFT_EMIT_LOC_STRINGS = NO;
				SWIFT_VERSION = 5.0;
				TARGETED_DEVICE_FAMILY = "1,2";
				TEST_HOST = "$(BUILT_PRODUCTS_DIR)/SuperHero(MVVM).app/$(BUNDLE_EXECUTABLE_FOLDER_PATH)/SuperHero(MVVM)";
			};
			name = Release;
		};
/* End XCBuildConfiguration section */

/* Begin XCConfigurationList section */
		0E184B7B2A3C5E0200B76B83 /* Build configuration list for PBXProject "SuperHero(MVVM)" */ = {
			isa = XCConfigurationList;
			buildConfigurations = (
				0E184BA22A3C5E0400B76B83 /* Debug */,
				0E184BA32A3C5E0400B76B83 /* Release */,
			);
			defaultConfigurationIsVisible = 0;
			defaultConfigurationName = Release;
		};
		0E184BA42A3C5E0400B76B83 /* Build configuration list for PBXNativeTarget "SuperHero(MVVM)" */ = {
			isa = XCConfigurationList;
			buildConfigurations = (
				0E184BA52A3C5E0400B76B83 /* Debug */,
				0E184BA62A3C5E0400B76B83 /* Release */,
			);
			defaultConfigurationIsVisible = 0;
			defaultConfigurationName = Release;
		};
		0E184BA72A3C5E0400B76B83 /* Build configuration list for PBXNativeTarget "SuperHero(MVVM)Tests" */ = {
			isa = XCConfigurationList;
			buildConfigurations = (
				0E184BA82A3C5E0400B76B83 /* Debug */,
				0E184BA92A3C5E0400B76B83 /* Release */,
			);
			defaultConfigurationIsVisible = 0;
			defaultConfigurationName = Release;
		};
/* End XCConfigurationList section */
	};
	rootObject = 0E184B782A3C5E0200B76B83 /* Project object */;
}
